
Microsoft Visual Studio Solution File, Format Version 12.00
# Visual Studio Version 17
VisualStudioVersion = 17.6.33815.320
MinimumVisualStudioVersion = 10.0.40219.1
Project("{9A19103F-16F7-4668-BE54-9A1E7A4F7556}") = "KeepSafe.Api", "KeepSafe\KeepSafe.Api.csproj", "{BC1D38E9-6B45-40CB-AB66-6FF61F74064B}"
EndProject
Project("{9A19103F-16F7-4668-BE54-9A1E7A4F7556}") = "KeepSafe.Application", "KeepSafe.Application\KeepSafe.Application.csproj", "{EA4A89B7-7BD1-441F-9D0C-CEAD6D663D17}"
EndProject
Project("{9A19103F-16F7-4668-BE54-9A1E7A4F7556}") = "KeepSafe.Domain", "KeepSafe.Domain\KeepSafe.Domain.csproj", "{830E421F-5194-49C9-A6B6-9A710F7BF4F5}"
EndProject
Project("{9A19103F-16F7-4668-BE54-9A1E7A4F7556}") = "KeepSafe.Infrastructure", "KeepSafe.Infrastructure\KeepSafe.Infrastructure.csproj", "{7F85EA25-E2CD-4701-89E6-1B1D10447032}"
EndProject
Project("{2150E333-8FDC-42A3-9474-1A3956D46DE8}") = "src", "src", "{B4C6803A-B5C0-447F-BC18-BDC9F9BF5C6E}"
EndProject
Project("{2150E333-8FDC-42A3-9474-1A3956D46DE8}") = "tests", "tests", "{49026A7F-E25A-4BF4-A630-BD11456E8265}"
EndProject
Project("{9A19103F-16F7-4668-BE54-9A1E7A4F7556}") = "KeepSafe.Api.IntegrationTests", "KeepSafe.Api.IntegrationTests\KeepSafe.Api.IntegrationTests.csproj", "{96126515-0ADC-43D4-A9F4-16ADF72512A9}"
EndProject
Project("{FAE04EC0-301F-11D3-BF4B-00C04F79EFBC}") = "KeepSafe.Api.UnitTests", "KeepSafe.Api.UnitTests\KeepSafe.Api.UnitTests.csproj", "{5EF02670-69A6-40E1-94BB-ED5DE7B384CD}"
EndProject
Project("{FAE04EC0-301F-11D3-BF4B-00C04F79EFBC}") = "KeepSafe.Application.UnitTests", "KeepSafe.Application.UnitTests\KeepSafe.Application.UnitTests.csproj", "{31E645AF-EA23-4D36-927D-75243DF0DB59}"
EndProject
Global
	GlobalSection(SolutionConfigurationPlatforms) = preSolution
		Debug|Any CPU = Debug|Any CPU
		Release|Any CPU = Release|Any CPU
	EndGlobalSection
	GlobalSection(ProjectConfigurationPlatforms) = postSolution
		{BC1D38E9-6B45-40CB-AB66-6FF61F74064B}.Debug|Any CPU.ActiveCfg = Debug|Any CPU
		{BC1D38E9-6B45-40CB-AB66-6FF61F74064B}.Debug|Any CPU.Build.0 = Debug|Any CPU
		{BC1D38E9-6B45-40CB-AB66-6FF61F74064B}.Release|Any CPU.ActiveCfg = Release|Any CPU
		{BC1D38E9-6B45-40CB-AB66-6FF61F74064B}.Release|Any CPU.Build.0 = Release|Any CPU
		{EA4A89B7-7BD1-441F-9D0C-CEAD6D663D17}.Debug|Any CPU.ActiveCfg = Debug|Any CPU
		{EA4A89B7-7BD1-441F-9D0C-CEAD6D663D17}.Debug|Any CPU.Build.0 = Debug|Any CPU
		{EA4A89B7-7BD1-441F-9D0C-CEAD6D663D17}.Release|Any CPU.ActiveCfg = Release|Any CPU
		{EA4A89B7-7BD1-441F-9D0C-CEAD6D663D17}.Release|Any CPU.Build.0 = Release|Any CPU
		{830E421F-5194-49C9-A6B6-9A710F7BF4F5}.Debug|Any CPU.ActiveCfg = Debug|Any CPU
		{830E421F-5194-49C9-A6B6-9A710F7BF4F5}.Debug|Any CPU.Build.0 = Debug|Any CPU
		{830E421F-5194-49C9-A6B6-9A710F7BF4F5}.Release|Any CPU.ActiveCfg = Release|Any CPU
		{830E421F-5194-49C9-A6B6-9A710F7BF4F5}.Release|Any CPU.Build.0 = Release|Any CPU
		{7F85EA25-E2CD-4701-89E6-1B1D10447032}.Debug|Any CPU.ActiveCfg = Debug|Any CPU
		{7F85EA25-E2CD-4701-89E6-1B1D10447032}.Debug|Any CPU.Build.0 = Debug|Any CPU
		{7F85EA25-E2CD-4701-89E6-1B1D10447032}.Release|Any CPU.ActiveCfg = Release|Any CPU
		{7F85EA25-E2CD-4701-89E6-1B1D10447032}.Release|Any CPU.Build.0 = Release|Any CPU
		{96126515-0ADC-43D4-A9F4-16ADF72512A9}.Debug|Any CPU.ActiveCfg = Debug|Any CPU
		{96126515-0ADC-43D4-A9F4-16ADF72512A9}.Debug|Any CPU.Build.0 = Debug|Any CPU
		{96126515-0ADC-43D4-A9F4-16ADF72512A9}.Release|Any CPU.ActiveCfg = Release|Any CPU
		{96126515-0ADC-43D4-A9F4-16ADF72512A9}.Release|Any CPU.Build.0 = Release|Any CPU
		{5EF02670-69A6-40E1-94BB-ED5DE7B384CD}.Debug|Any CPU.ActiveCfg = Debug|Any CPU
		{5EF02670-69A6-40E1-94BB-ED5DE7B384CD}.Debug|Any CPU.Build.0 = Debug|Any CPU
		{5EF02670-69A6-40E1-94BB-ED5DE7B384CD}.Release|Any CPU.ActiveCfg = Release|Any CPU
		{5EF02670-69A6-40E1-94BB-ED5DE7B384CD}.Release|Any CPU.Build.0 = Release|Any CPU
		{31E645AF-EA23-4D36-927D-75243DF0DB59}.Debug|Any CPU.ActiveCfg = Debug|Any CPU
		{31E645AF-EA23-4D36-927D-75243DF0DB59}.Debug|Any CPU.Build.0 = Debug|Any CPU
		{31E645AF-EA23-4D36-927D-75243DF0DB59}.Release|Any CPU.ActiveCfg = Release|Any CPU
		{31E645AF-EA23-4D36-927D-75243DF0DB59}.Release|Any CPU.Build.0 = Release|Any CPU
	EndGlobalSection
	GlobalSection(SolutionProperties) = preSolution
		HideSolutionNode = FALSE
	EndGlobalSection
	GlobalSection(NestedProjects) = preSolution
		{BC1D38E9-6B45-40CB-AB66-6FF61F74064B} = {B4C6803A-B5C0-447F-BC18-BDC9F9BF5C6E}
		{EA4A89B7-7BD1-441F-9D0C-CEAD6D663D17} = {B4C6803A-B5C0-447F-BC18-BDC9F9BF5C6E}
		{830E421F-5194-49C9-A6B6-9A710F7BF4F5} = {B4C6803A-B5C0-447F-BC18-BDC9F9BF5C6E}
		{7F85EA25-E2CD-4701-89E6-1B1D10447032} = {B4C6803A-B5C0-447F-BC18-BDC9F9BF5C6E}
		{96126515-0ADC-43D4-A9F4-16ADF72512A9} = {49026A7F-E25A-4BF4-A630-BD11456E8265}
		{5EF02670-69A6-40E1-94BB-ED5DE7B384CD} = {49026A7F-E25A-4BF4-A630-BD11456E8265}
		{31E645AF-EA23-4D36-927D-75243DF0DB59} = {49026A7F-E25A-4BF4-A630-BD11456E8265}
	EndGlobalSection
	GlobalSection(ExtensibilityGlobals) = postSolution
		SolutionGuid = {5F2B56C7-39F1-4A1F-8D01-37BE40A339DE}
	EndGlobalSection
EndGlobal
